// !$*UTF8*$!
{
	archiveVersion = 1;
	classes = {
	};
	objectVersion = 77;
	objects = {

/* Begin PBXBuildFile section */
		BC0EE32A2EC7E57200726B6A /* RevenueCat in Frameworks */ = {isa = PBXBuildFile; productRef = BC0EE3292EC7E57200726B6A /* RevenueCat */; };
		BC0EE32C2EC7E57200726B6A /* RevenueCatUI in Frameworks */ = {isa = PBXBuildFile; productRef = BC0EE32B2EC7E57200726B6A /* RevenueCatUI */; };
/* End PBXBuildFile section */

/* Begin PBXContainerItemProxy section */
		BC363C212E1AA781007225BE /* PBXContainerItemProxy */ = {
			isa = PBXContainerItemProxy;
			containerPortal = BC363C092E1AA77E007225BE /* Project object */;
			proxyType = 1;
			remoteGlobalIDString = BC363C102E1AA77E007225BE;
			remoteInfo = Whisper;
		};
		BC363C2B2E1AA781007225BE /* PBXContainerItemProxy */ = {
			isa = PBXContainerItemProxy;
			containerPortal = BC363C092E1AA77E007225BE /* Project object */;
			proxyType = 1;
			remoteGlobalIDString = BC363C102E1AA77E007225BE;
			remoteInfo = Whisper;
		};
/* End PBXContainerItemProxy section */

/* Begin PBXFileReference section */
		BC363C112E1AA77E007225BE /* Revera AI.app */ = {isa = PBXFileReference; explicitFileType = wrapper.application; includeInIndex = 0; path = "Revera AI.app"; sourceTree = BUILT_PRODUCTS_DIR; };
		BC363C202E1AA781007225BE /* WhisperTests.xctest */ = {isa = PBXFileReference; explicitFileType = wrapper.cfbundle; includeInIndex = 0; path = WhisperTests.xctest; sourceTree = BUILT_PRODUCTS_DIR; };
		BC363C2A2E1AA781007225BE /* WhisperUITests.xctest */ = {isa = PBXFileReference; explicitFileType = wrapper.cfbundle; includeInIndex = 0; path = WhisperUITests.xctest; sourceTree = BUILT_PRODUCTS_DIR; };
		BC363C502E1AB000007225BE /* Whisper/Config.plist */ = {isa = PBXFileReference; lastKnownFileType = text.plist.xml; path = Whisper/Config.plist; sourceTree = "<group>"; };
/* End PBXFileReference section */

/* Begin PBXFileSystemSynchronizedBuildFileExceptionSet section */
		BC363C492E1AAFA8007225BE /* Exceptions for "Whisper" folder in "Revera AI" target */ = {
			isa = PBXFileSystemSynchronizedBuildFileExceptionSet;
			membershipExceptions = (
				Info.plist,
			);
			target = BC363C102E1AA77E007225BE /* Revera AI */;
		};
/* End PBXFileSystemSynchronizedBuildFileExceptionSet section */

/* Begin PBXFileSystemSynchronizedRootGroup section */
		BC363C132E1AA77E007225BE /* Whisper */ = {
			isa = PBXFileSystemSynchronizedRootGroup;
			exceptions = (
				BC363C492E1AAFA8007225BE /* Exceptions for "Whisper" folder in "Revera AI" target */,
			);
			path = Whisper;
			sourceTree = "<group>";
		};
		BC363C232E1AA781007225BE /* WhisperTests */ = {
			isa = PBXFileSystemSynchronizedRootGroup;
			path = WhisperTests;
			sourceTree = "<group>";
		};
		BC363C2D2E1AA781007225BE /* WhisperUITests */ = {
			isa = PBXFileSystemSynchronizedRootGroup;
			path = WhisperUITests;
			sourceTree = "<group>";
		};
/* End PBXFileSystemSynchronizedRootGroup section */

/* Begin PBXFrameworksBuildPhase section */
		BC363C0E2E1AA77E007225BE /* Frameworks */ = {
			isa = PBXFrameworksBuildPhase;
			buildActionMask = 2147483647;
			files = (
				BC0EE32C2EC7E57200726B6A /* RevenueCatUI in Frameworks */,
				BC0EE32A2EC7E57200726B6A /* RevenueCat in Frameworks */,
			);
			runOnlyForDeploymentPostprocessing = 0;
		};
		BC363C1D2E1AA781007225BE /* Frameworks */ = {
			isa = PBXFrameworksBuildPhase;
			buildActionMask = 2147483647;
			files = (
			);
			runOnlyForDeploymentPostprocessing = 0;
		};
		BC363C272E1AA781007225BE /* Frameworks */ = {
			isa = PBXFrameworksBuildPhase;
			buildActionMask = 2147483647;
			files = (
			);
			runOnlyForDeploymentPostprocessing = 0;
		};
/* End PBXFrameworksBuildPhase section */

/* Begin PBXGroup section */
		BC363C082E1AA77E007225BE = {
			isa = PBXGroup;
			children = (
				BC363C132E1AA77E007225BE /* Whisper */,
				BC363C232E1AA781007225BE /* WhisperTests */,
				BC363C2D2E1AA781007225BE /* WhisperUITests */,
				BC363C122E1AA77E007225BE /* Products */,
				BC363CA52E1AE103007225BE /* Recovered References */,
			);
			sourceTree = "<group>";
		};
		BC363C122E1AA77E007225BE /* Products */ = {
			isa = PBXGroup;
			children = (
				BC363C112E1AA77E007225BE /* Revera AI.app */,
				BC363C202E1AA781007225BE /* WhisperTests.xctest */,
				BC363C2A2E1AA781007225BE /* WhisperUITests.xctest */,
			);
			name = Products;
			sourceTree = "<group>";
		};
		BC363CA52E1AE103007225BE /* Recovered References */ = {
			isa = PBXGroup;
			children = (
				BC363C502E1AB000007225BE /* Whisper/Config.plist */,
			);
			name = "Recovered References";
			sourceTree = "<group>";
		};
/* End PBXGroup section */

/* Begin PBXNativeTarget section */
		BC363C102E1AA77E007225BE /* Revera AI */ = {
			isa = PBXNativeTarget;
			buildConfigurationList = BC363C342E1AA781007225BE /* Build configuration list for PBXNativeTarget "Revera AI" */;
			buildPhases = (
				BC363C0D2E1AA77E007225BE /* Sources */,
				BC363C0E2E1AA77E007225BE /* Frameworks */,
				BC363C0F2E1AA77E007225BE /* Resources */,
			);
			buildRules = (
			);
			dependencies = (
			);
			fileSystemSynchronizedGroups = (
				BC363C132E1AA77E007225BE /* Whisper */,
			);
			name = "Revera AI";
			packageProductDependencies = (
				BC0EE3292EC7E57200726B6A /* RevenueCat */,
				BC0EE32B2EC7E57200726B6A /* RevenueCatUI */,
			);
			productName = Whisper;
			productReference = BC363C112E1AA77E007225BE /* Revera AI.app */;
			productType = "com.apple.product-type.application";
		};
		BC363C1F2E1AA781007225BE /* WhisperTests */ = {
			isa = PBXNativeTarget;
			buildConfigurationList = BC363C372E1AA781007225BE /* Build configuration list for PBXNativeTarget "WhisperTests" */;
			buildPhases = (
				BC363C1C2E1AA781007225BE /* Sources */,
				BC363C1D2E1AA781007225BE /* Frameworks */,
				BC363C1E2E1AA781007225BE /* Resources */,
			);
			buildRules = (
			);
			dependencies = (
				BC363C222E1AA781007225BE /* PBXTargetDependency */,
			);
			fileSystemSynchronizedGroups = (
				BC363C232E1AA781007225BE /* WhisperTests */,
			);
			name = WhisperTests;
			packageProductDependencies = (
			);
			productName = WhisperTests;
			productReference = BC363C202E1AA781007225BE /* WhisperTests.xctest */;
			productType = "com.apple.product-type.bundle.unit-test";
		};
		BC363C292E1AA781007225BE /* WhisperUITests */ = {
			isa = PBXNativeTarget;
			buildConfigurationList = BC363C3A2E1AA781007225BE /* Build configuration list for PBXNativeTarget "WhisperUITests" */;
			buildPhases = (
				BC363C262E1AA781007225BE /* Sources */,
				BC363C272E1AA781007225BE /* Frameworks */,
				BC363C282E1AA781007225BE /* Resources */,
			);
			buildRules = (
			);
			dependencies = (
				BC363C2C2E1AA781007225BE /* PBXTargetDependency */,
			);
			fileSystemSynchronizedGroups = (
				BC363C2D2E1AA781007225BE /* WhisperUITests */,
			);
			name = WhisperUITests;
			packageProductDependencies = (
			);
			productName = WhisperUITests;
			productReference = BC363C2A2E1AA781007225BE /* WhisperUITests.xctest */;
			productType = "com.apple.product-type.bundle.ui-testing";
		};
/* End PBXNativeTarget section */

/* Begin PBXProject section */
		BC363C092E1AA77E007225BE /* Project object */ = {
			isa = PBXProject;
			attributes = {
				BuildIndependentTargetsInParallel = 1;
				LastSwiftUpdateCheck = 1640;
				LastUpgradeCheck = 2600;
				TargetAttributes = {
					BC363C102E1AA77E007225BE = {
						CreatedOnToolsVersion = 16.4;
					};
					BC363C1F2E1AA781007225BE = {
						CreatedOnToolsVersion = 16.4;
						TestTargetID = BC363C102E1AA77E007225BE;
					};
					BC363C292E1AA781007225BE = {
						CreatedOnToolsVersion = 16.4;
						TestTargetID = BC363C102E1AA77E007225BE;
					};
				};
			};
			buildConfigurationList = BC363C0C2E1AA77E007225BE /* Build configuration list for PBXProject "Whisper" */;
			developmentRegion = en;
			hasScannedForEncodings = 0;
			knownRegions = (
				en,
				Base,
			);
			mainGroup = BC363C082E1AA77E007225BE;
			minimizedProjectReferenceProxies = 1;
			packageReferences = (
				BC0EE3282EC7E57200726B6A /* XCRemoteSwiftPackageReference "purchases-ios-spm" */,
			);
			preferredProjectObjectVersion = 77;
			productRefGroup = BC363C122E1AA77E007225BE /* Products */;
			projectDirPath = "";
			projectRoot = "";
			targets = (
				BC363C102E1AA77E007225BE /* Revera AI */,
				BC363C1F2E1AA781007225BE /* WhisperTests */,
				BC363C292E1AA781007225BE /* WhisperUITests */,
			);
		};
/* End PBXProject section */

/* Begin PBXResourcesBuildPhase section */
		BC363C0F2E1AA77E007225BE /* Resources */ = {
			isa = PBXResourcesBuildPhase;
			buildActionMask = 2147483647;
			files = (
			);
			runOnlyForDeploymentPostprocessing = 0;
		};
		BC363C1E2E1AA781007225BE /* Resources */ = {
			isa = PBXResourcesBuildPhase;
			buildActionMask = 2147483647;
			files = (
			);
			runOnlyForDeploymentPostprocessing = 0;
		};
		BC363C282E1AA781007225BE /* Resources */ = {
			isa = PBXResourcesBuildPhase;
			buildActionMask = 2147483647;
			files = (
			);
			runOnlyForDeploymentPostprocessing = 0;
		};
/* End PBXResourcesBuildPhase section */

/* Begin PBXSourcesBuildPhase section */
		BC363C0D2E1AA77E007225BE /* Sources */ = {
			isa = PBXSourcesBuildPhase;
			buildActionMask = 2147483647;
			files = (
			);
			runOnlyForDeploymentPostprocessing = 0;
		};
		BC363C1C2E1AA781007225BE /* Sources */ = {
			isa = PBXSourcesBuildPhase;
			buildActionMask = 2147483647;
			files = (
			);
			runOnlyForDeploymentPostprocessing = 0;
		};
		BC363C262E1AA781007225BE /* Sources */ = {
			isa = PBXSourcesBuildPhase;
			buildActionMask = 2147483647;
			files = (
			);
			runOnlyForDeploymentPostprocessing = 0;
		};
/* End PBXSourcesBuildPhase section */

/* Begin PBXTargetDependency section */
		BC363C222E1AA781007225BE /* PBXTargetDependency */ = {
			isa = PBXTargetDependency;
			target = BC363C102E1AA77E007225BE /* Revera AI */;
			targetProxy = BC363C212E1AA781007225BE /* PBXContainerItemProxy */;
		};
		BC363C2C2E1AA781007225BE /* PBXTargetDependency */ = {
			isa = PBXTargetDependency;
			target = BC363C102E1AA77E007225BE /* Revera AI */;
			targetProxy = BC363C2B2E1AA781007225BE /* PBXContainerItemProxy */;
		};
/* End PBXTargetDependency section */

/* Begin XCBuildConfiguration section */
		BC363C322E1AA781007225BE /* Debug */ = {
			isa = XCBuildConfiguration;
			buildSettings = {
				ALWAYS_SEARCH_USER_PATHS = NO;
				ASSETCATALOG_COMPILER_GENERATE_SWIFT_ASSET_SYMBOL_EXTENSIONS = YES;
				CLANG_ANALYZER_NONNULL = YES;
				CLANG_ANALYZER_NUMBER_OBJECT_CONVERSION = YES_AGGRESSIVE;
				CLANG_CXX_LANGUAGE_STANDARD = "gnu++20";
				CLANG_ENABLE_MODULES = YES;
				CLANG_ENABLE_OBJC_ARC = YES;
				CLANG_ENABLE_OBJC_WEAK = YES;
				CLANG_WARN_BLOCK_CAPTURE_AUTORELEASING = YES;
				CLANG_WARN_BOOL_CONVERSION = YES;
				CLANG_WARN_COMMA = YES;
				CLANG_WARN_CONSTANT_CONVERSION = YES;
				CLANG_WARN_DEPRECATED_OBJC_IMPLEMENTATIONS = YES;
				CLANG_WARN_DIRECT_OBJC_ISA_USAGE = YES_ERROR;
				CLANG_WARN_DOCUMENTATION_COMMENTS = YES;
				CLANG_WARN_EMPTY_BODY = YES;
				CLANG_WARN_ENUM_CONVERSION = YES;
				CLANG_WARN_INFINITE_RECURSION = YES;
				CLANG_WARN_INT_CONVERSION = YES;
				CLANG_WARN_NON_LITERAL_NULL_CONVERSION = YES;
				CLANG_WARN_OBJC_IMPLICIT_RETAIN_SELF = YES;
				CLANG_WARN_OBJC_LITERAL_CONVERSION = YES;
				CLANG_WARN_OBJC_ROOT_CLASS = YES_ERROR;
				CLANG_WARN_QUOTED_INCLUDE_IN_FRAMEWORK_HEADER = YES;
				CLANG_WARN_RANGE_LOOP_ANALYSIS = YES;
				CLANG_WARN_STRICT_PROTOTYPES = YES;
				CLANG_WARN_SUSPICIOUS_MOVE = YES;
				CLANG_WARN_UNGUARDED_AVAILABILITY = YES_AGGRESSIVE;
				CLANG_WARN_UNREACHABLE_CODE = YES;
				CLANG_WARN__DUPLICATE_METHOD_MATCH = YES;
				COPY_PHASE_STRIP = NO;
				DEBUG_INFORMATION_FORMAT = dwarf;
				DEVELOPMENT_TEAM = L3Y3NN5H2E;
				ENABLE_STRICT_OBJC_MSGSEND = YES;
				ENABLE_TESTABILITY = YES;
				ENABLE_USER_SCRIPT_SANDBOXING = YES;
				GCC_C_LANGUAGE_STANDARD = gnu17;
				GCC_DYNAMIC_NO_PIC = NO;
				GCC_NO_COMMON_BLOCKS = YES;
				GCC_OPTIMIZATION_LEVEL = 0;
				GCC_PREPROCESSOR_DEFINITIONS = (
					"DEBUG=1",
					"$(inherited)",
				);
				GCC_WARN_64_TO_32_BIT_CONVERSION = YES;
				GCC_WARN_ABOUT_RETURN_TYPE = YES_ERROR;
				GCC_WARN_UNDECLARED_SELECTOR = YES;
				GCC_WARN_UNINITIALIZED_AUTOS = YES_AGGRESSIVE;
				GCC_WARN_UNUSED_FUNCTION = YES;
				GCC_WARN_UNUSED_VARIABLE = YES;
				IPHONEOS_DEPLOYMENT_TARGET = 18.5;
				LOCALIZATION_PREFERS_STRING_CATALOGS = YES;
				MTL_ENABLE_DEBUG_INFO = INCLUDE_SOURCE;
				MTL_FAST_MATH = YES;
				ONLY_ACTIVE_ARCH = YES;
				SDKROOT = iphoneos;
				STRING_CATALOG_GENERATE_SYMBOLS = YES;
				SWIFT_ACTIVE_COMPILATION_CONDITIONS = "DEBUG $(inherited)";
				SWIFT_OPTIMIZATION_LEVEL = "-Onone";
			};
			name = Debug;
		};
		BC363C332E1AA781007225BE /* Release */ = {
			isa = XCBuildConfiguration;
			buildSettings = {
				ALWAYS_SEARCH_USER_PATHS = NO;
				ASSETCATALOG_COMPILER_GENERATE_SWIFT_ASSET_SYMBOL_EXTENSIONS = YES;
				CLANG_ANALYZER_NONNULL = YES;
				CLANG_ANALYZER_NUMBER_OBJECT_CONVERSION = YES_AGGRESSIVE;
				CLANG_CXX_LANGUAGE_STANDARD = "gnu++20";
				CLANG_ENABLE_MODULES = YES;
				CLANG_ENABLE_OBJC_ARC = YES;
				CLANG_ENABLE_OBJC_WEAK = YES;
				CLANG_WARN_BLOCK_CAPTURE_AUTORELEASING = YES;
				CLANG_WARN_BOOL_CONVERSION = YES;
				CLANG_WARN_COMMA = YES;
				CLANG_WARN_CONSTANT_CONVERSION = YES;
				CLANG_WARN_DEPRECATED_OBJC_IMPLEMENTATIONS = YES;
				CLANG_WARN_DIRECT_OBJC_ISA_USAGE = YES_ERROR;
				CLANG_WARN_DOCUMENTATION_COMMENTS = YES;
				CLANG_WARN_EMPTY_BODY = YES;
				CLANG_WARN_ENUM_CONVERSION = YES;
				CLANG_WARN_INFINITE_RECURSION = YES;
				CLANG_WARN_INT_CONVERSION = YES;
				CLANG_WARN_NON_LITERAL_NULL_CONVERSION = YES;
				CLANG_WARN_OBJC_IMPLICIT_RETAIN_SELF = YES;
				CLANG_WARN_OBJC_LITERAL_CONVERSION = YES;
				CLANG_WARN_OBJC_ROOT_CLASS = YES_ERROR;
				CLANG_WARN_QUOTED_INCLUDE_IN_FRAMEWORK_HEADER = YES;
				CLANG_WARN_RANGE_LOOP_ANALYSIS = YES;
				CLANG_WARN_STRICT_PROTOTYPES = YES;
				CLANG_WARN_SUSPICIOUS_MOVE = YES;
				CLANG_WARN_UNGUARDED_AVAILABILITY = YES_AGGRESSIVE;
				CLANG_WARN_UNREACHABLE_CODE = YES;
				CLANG_WARN__DUPLICATE_METHOD_MATCH = YES;
				COPY_PHASE_STRIP = NO;
				DEBUG_INFORMATION_FORMAT = "dwarf-with-dsym";
				DEVELOPMENT_TEAM = L3Y3NN5H2E;
				ENABLE_NS_ASSERTIONS = NO;
				ENABLE_STRICT_OBJC_MSGSEND = YES;
				ENABLE_USER_SCRIPT_SANDBOXING = YES;
				GCC_C_LANGUAGE_STANDARD = gnu17;
				GCC_NO_COMMON_BLOCKS = YES;
				GCC_WARN_64_TO_32_BIT_CONVERSION = YES;
				GCC_WARN_ABOUT_RETURN_TYPE = YES_ERROR;
				GCC_WARN_UNDECLARED_SELECTOR = YES;
				GCC_WARN_UNINITIALIZED_AUTOS = YES_AGGRESSIVE;
				GCC_WARN_UNUSED_FUNCTION = YES;
				GCC_WARN_UNUSED_VARIABLE = YES;
				IPHONEOS_DEPLOYMENT_TARGET = 18.5;
				LOCALIZATION_PREFERS_STRING_CATALOGS = YES;
				MTL_ENABLE_DEBUG_INFO = NO;
				MTL_FAST_MATH = YES;
				SDKROOT = iphoneos;
				STRING_CATALOG_GENERATE_SYMBOLS = YES;
				SWIFT_COMPILATION_MODE = wholemodule;
				VALIDATE_PRODUCT = YES;
			};
			name = Release;
		};
		BC363C352E1AA781007225BE /* Debug */ = {
			isa = XCBuildConfiguration;
			buildSettings = {
				ASSETCATALOG_COMPILER_APPICON_NAME = AppIcon;
				ASSETCATALOG_COMPILER_GLOBAL_ACCENT_COLOR_NAME = AccentColor;
				CODE_SIGN_STYLE = Automatic;
				CURRENT_PROJECT_VERSION = 2;
				DEVELOPMENT_TEAM = L3Y3NN5H2E;
				ENABLE_PREVIEWS = YES;
				GENERATE_INFOPLIST_FILE = YES;
				INFOPLIST_FILE = Whisper/Info.plist;
				INFOPLIST_KEY_CFBundleDisplayName = "Revera AI";
				INFOPLIST_KEY_LSApplicationCategoryType = "public.app-category.utilities";
				INFOPLIST_KEY_NSMicrophoneUsageDescription = "Please allow using your microphone.";
				INFOPLIST_KEY_NSSpeechRecognitionUsageDescription = "This app uses speech recognition to transcribe audio recordings when the online service is unavailable.";
				INFOPLIST_KEY_UIApplicationSceneManifest_Generation = YES;
				INFOPLIST_KEY_UIApplicationSupportsIndirectInputEvents = YES;
				INFOPLIST_KEY_UILaunchScreen_Generation = YES;
				INFOPLIST_KEY_UISupportedInterfaceOrientations = UIInterfaceOrientationPortrait;
				INFOPLIST_KEY_UISupportedInterfaceOrientations_iPad = "UIInterfaceOrientationLandscapeLeft UIInterfaceOrientationLandscapeRight UIInterfaceOrientationPortrait UIInterfaceOrientationPortraitUpsideDown";
				IPHONEOS_DEPLOYMENT_TARGET = 17.6;
				LD_RUNPATH_SEARCH_PATHS = (
					"$(inherited)",
					"@executable_path/Frameworks",
				);
				MARKETING_VERSION = 1.2.0;
				PRODUCT_BUNDLE_IDENTIFIER = KirlosYousef.Revera;
				PRODUCT_NAME = "$(TARGET_NAME)";
				SWIFT_EMIT_LOC_STRINGS = YES;
				SWIFT_VERSION = 5.0;
				TARGETED_DEVICE_FAMILY = "1,2";
			};
			name = Debug;
		};
		BC363C362E1AA781007225BE /* Release */ = {
			isa = XCBuildConfiguration;
			buildSettings = {
				ASSETCATALOG_COMPILER_APPICON_NAME = AppIcon;
				ASSETCATALOG_COMPILER_GLOBAL_ACCENT_COLOR_NAME = AccentColor;
				CODE_SIGN_STYLE = Automatic;
				CURRENT_PROJECT_VERSION = 2;
				DEVELOPMENT_TEAM = L3Y3NN5H2E;
				ENABLE_PREVIEWS = YES;
				GENERATE_INFOPLIST_FILE = YES;
				INFOPLIST_FILE = Whisper/Info.plist;
				INFOPLIST_KEY_CFBundleDisplayName = "Revera AI";
				INFOPLIST_KEY_LSApplicationCategoryType = "public.app-category.utilities";
				INFOPLIST_KEY_NSMicrophoneUsageDescription = "Please allow using your microphone.";
				INFOPLIST_KEY_NSSpeechRecognitionUsageDescription = "This app uses speech recognition to transcribe audio recordings when the online service is unavailable.";
				INFOPLIST_KEY_UIApplicationSceneManifest_Generation = YES;
				INFOPLIST_KEY_UIApplicationSupportsIndirectInputEvents = YES;
				INFOPLIST_KEY_UILaunchScreen_Generation = YES;
				INFOPLIST_KEY_UISupportedInterfaceOrientations = UIInterfaceOrientationPortrait;
				INFOPLIST_KEY_UISupportedInterfaceOrientations_iPad = "UIInterfaceOrientationLandscapeLeft UIInterfaceOrientationLandscapeRight UIInterfaceOrientationPortrait UIInterfaceOrientationPortraitUpsideDown";
				IPHONEOS_DEPLOYMENT_TARGET = 17.6;
				LD_RUNPATH_SEARCH_PATHS = (
					"$(inherited)",
					"@executable_path/Frameworks",
				);
				MARKETING_VERSION = 1.2.0;
				PRODUCT_BUNDLE_IDENTIFIER = KirlosYousef.Revera;
				PRODUCT_NAME = "$(TARGET_NAME)";
				SWIFT_EMIT_LOC_STRINGS = YES;
				SWIFT_VERSION = 5.0;
				TARGETED_DEVICE_FAMILY = "1,2";
			};
			name = Release;
		};
		BC363C382E1AA781007225BE /* Debug */ = {
			isa = XCBuildConfiguration;
			buildSettings = {
				BUNDLE_LOADER = "$(TEST_HOST)";
				CODE_SIGN_STYLE = Automatic;
				CURRENT_PROJECT_VERSION = 1;
				DEVELOPMENT_TEAM = L3Y3NN5H2E;
				GENERATE_INFOPLIST_FILE = YES;
				IPHONEOS_DEPLOYMENT_TARGET = 18.5;
				MARKETING_VERSION = 1.0;
				PRODUCT_BUNDLE_IDENTIFIER = KirlosYousef.WhisperTests;
				PRODUCT_NAME = "$(TARGET_NAME)";
				SWIFT_EMIT_LOC_STRINGS = NO;
				SWIFT_VERSION = 5.0;
				TARGETED_DEVICE_FAMILY = "1,2";
				TEST_HOST = "$(BUILT_PRODUCTS_DIR)/Whisper.app/$(BUNDLE_EXECUTABLE_FOLDER_PATH)/Whisper";
			};
			name = Debug;
		};
		BC363C392E1AA781007225BE /* Release */ = {
			isa = XCBuildConfiguration;
			buildSettings = {
				BUNDLE_LOADER = "$(TEST_HOST)";
				CODE_SIGN_STYLE = Automatic;
				CURRENT_PROJECT_VERSION = 1;
				DEVELOPMENT_TEAM = L3Y3NN5H2E;
				GENERATE_INFOPLIST_FILE = YES;
				IPHONEOS_DEPLOYMENT_TARGET = 18.5;
				MARKETING_VERSION = 1.0;
				PRODUCT_BUNDLE_IDENTIFIER = KirlosYousef.WhisperTests;
				PRODUCT_NAME = "$(TARGET_NAME)";
				SWIFT_EMIT_LOC_STRINGS = NO;
				SWIFT_VERSION = 5.0;
				TARGETED_DEVICE_FAMILY = "1,2";
				TEST_HOST = "$(BUILT_PRODUCTS_DIR)/Whisper.app/$(BUNDLE_EXECUTABLE_FOLDER_PATH)/Whisper";
			};
			name = Release;
		};
		BC363C3B2E1AA781007225BE /* Debug */ = {
			isa = XCBuildConfiguration;
			buildSettings = {
				CODE_SIGN_STYLE = Automatic;
				CURRENT_PROJECT_VERSION = 1;
				DEVELOPMENT_TEAM = L3Y3NN5H2E;
				GENERATE_INFOPLIST_FILE = YES;
				MARKETING_VERSION = 1.0;
				PRODUCT_BUNDLE_IDENTIFIER = KirlosYousef.WhisperUITests;
				PRODUCT_NAME = "$(TARGET_NAME)";
				SWIFT_EMIT_LOC_STRINGS = NO;
				SWIFT_VERSION = 5.0;
				TARGETED_DEVICE_FAMILY = "1,2";
				TEST_TARGET_NAME = Whisper;
			};
			name = Debug;
		};
		BC363C3C2E1AA781007225BE /* Release */ = {
			isa = XCBuildConfiguration;
			buildSettings = {
				CODE_SIGN_STYLE = Automatic;
				CURRENT_PROJECT_VERSION = 1;
				DEVELOPMENT_TEAM = L3Y3NN5H2E;
				GENERATE_INFOPLIST_FILE = YES;
				MARKETING_VERSION = 1.0;
				PRODUCT_BUNDLE_IDENTIFIER = KirlosYousef.WhisperUITests;
				PRODUCT_NAME = "$(TARGET_NAME)";
				SWIFT_EMIT_LOC_STRINGS = NO;
				SWIFT_VERSION = 5.0;
				TARGETED_DEVICE_FAMILY = "1,2";
				TEST_TARGET_NAME = Whisper;
			};
			name = Release;
		};
/* End XCBuildConfiguration section */

/* Begin XCConfigurationList section */
		BC363C0C2E1AA77E007225BE /* Build configuration list for PBXProject "Whisper" */ = {
			isa = XCConfigurationList;
			buildConfigurations = (
				BC363C322E1AA781007225BE /* Debug */,
				BC363C332E1AA781007225BE /* Release */,
			);
			defaultConfigurationIsVisible = 0;
			defaultConfigurationName = Release;
		};
		BC363C342E1AA781007225BE /* Build configuration list for PBXNativeTarget "Revera AI" */ = {
			isa = XCConfigurationList;
			buildConfigurations = (
				BC363C352E1AA781007225BE /* Debug */,
				BC363C362E1AA781007225BE /* Release */,
			);
			defaultConfigurationIsVisible = 0;
			defaultConfigurationName = Release;
		};
		BC363C372E1AA781007225BE /* Build configuration list for PBXNativeTarget "WhisperTests" */ = {
			isa = XCConfigurationList;
			buildConfigurations = (
				BC363C382E1AA781007225BE /* Debug */,
				BC363C392E1AA781007225BE /* Release */,
			);
			defaultConfigurationIsVisible = 0;
			defaultConfigurationName = Release;
		};
		BC363C3A2E1AA781007225BE /* Build configuration list for PBXNativeTarget "WhisperUITests" */ = {
			isa = XCConfigurationList;
			buildConfigurations = (
				BC363C3B2E1AA781007225BE /* Debug */,
				BC363C3C2E1AA781007225BE /* Release */,
			);
			defaultConfigurationIsVisible = 0;
			defaultConfigurationName = Release;
		};
/* End XCConfigurationList section */

/* Begin XCRemoteSwiftPackageReference section */
		BC0EE3282EC7E57200726B6A /* XCRemoteSwiftPackageReference "purchases-ios-spm" */ = {
			isa = XCRemoteSwiftPackageReference;
			repositoryURL = "https://github.com/RevenueCat/purchases-ios-spm.git";
			requirement = {
				kind = upToNextMajorVersion;
				minimumVersion = 5.48.0;
			};
		};
/* End XCRemoteSwiftPackageReference section */

/* Begin XCSwiftPackageProductDependency section */
		BC0EE3292EC7E57200726B6A /* RevenueCat */ = {
			isa = XCSwiftPackageProductDependency;
			package = BC0EE3282EC7E57200726B6A /* XCRemoteSwiftPackageReference "purchases-ios-spm" */;
			productName = RevenueCat;
		};
		BC0EE32B2EC7E57200726B6A /* RevenueCatUI */ = {
			isa = XCSwiftPackageProductDependency;
			package = BC0EE3282EC7E57200726B6A /* XCRemoteSwiftPackageReference "purchases-ios-spm" */;
			productName = RevenueCatUI;
		};
/* End XCSwiftPackageProductDependency section */
	};
	rootObject = BC363C092E1AA77E007225BE /* Project object */;
}
